
Microsoft Visual Studio Solution File, Format Version 12.00
# Visual Studio 15
VisualStudioVersion = 15.0.28307.572
MinimumVisualStudioVersion = 10.0.40219.1
Project("{FAE04EC0-301F-11D3-BF4B-00C04F79EFBC}") = "MovieLibraryWebAPI", "MovieLibraryWebAPI\MovieLibraryWebAPI.csproj", "{EE7A4C05-0BA6-44F1-90F4-04EB2416A68F}"
EndProject
Project("{2150E333-8FDC-42A3-9474-1A3956D46DE8}") = "Solution Items", "Solution Items", "{ACA1E0E3-37E4-4EB5-8990-E0A5BE6FACB4}"
EndProject
Global
	GlobalSection(SolutionConfigurationPlatforms) = preSolution
		Debug|Any CPU = Debug|Any CPU
		Release|Any CPU = Release|Any CPU
	EndGlobalSection
	GlobalSection(ProjectConfigurationPlatforms) = postSolution
		{EE7A4C05-0BA6-44F1-90F4-04EB2416A68F}.Debug|Any CPU.ActiveCfg = Debug|Any CPU
		{EE7A4C05-0BA6-44F1-90F4-04EB2416A68F}.Debug|Any CPU.Build.0 = Debug|Any CPU
		{EE7A4C05-0BA6-44F1-90F4-04EB2416A68F}.Release|Any CPU.ActiveCfg = Release|Any CPU
		{EE7A4C05-0BA6-44F1-90F4-04EB2416A68F}.Release|Any CPU.Build.0 = Release|Any CPU
	EndGlobalSection
	GlobalSection(SolutionProperties) = preSolution
		HideSolutionNode = FALSE
	EndGlobalSection
	GlobalSection(ExtensibilityGlobals) = postSolution
		SolutionGuid = {7E974810-3559-43E8-9BC0-B7ABC01331D8}
	EndGlobalSection
EndGlobal
